Microsoft Visual Studio Solution File, Format Version 12.00
# Visual Studio Version 17
VisualStudioVersion = 17.5.2.0
MinimumVisualStudioVersion = 10.0.40219.1
Project("{FAE04EC0-301F-11D3-BF4B-00C04F79EFBC}") = "LigaEsportsManager", "LigaEsportsManager.csproj", "{76F92C21-F511-A817-573B-6367BB2D04A7}"
EndProject
Global
	GlobalSection(SolutionConfigurationPlatforms) = preSolution
		Debug|Any CPU = Debug|Any CPU
		Release|Any CPU = Release|Any CPU
	EndGlobalSection
	GlobalSection(ProjectConfigurationPlatforms) = postSolution
		{76F92C21-F511-A817-573B-6367BB2D04A7}.Debug|Any CPU.ActiveCfg = Debug|Any CPU
		{76F92C21-F511-A817-573B-6367BB2D04A7}.Debug|Any CPU.Build.0 = Debug|Any CPU
		{76F92C21-F511-A817-573B-6367BB2D04A7}.Release|Any CPU.ActiveCfg = Release|Any CPU
		{76F92C21-F511-A817-573B-6367BB2D04A7}.Release|Any CPU.Build.0 = Release|Any CPU
	EndGlobalSection
	GlobalSection(SolutionProperties) = preSolution
		HideSolutionNode = FALSE
	EndGlobalSection
	GlobalSection(ExtensibilityGlobals) = postSolution
		SolutionGuid = {CBAEB4D7-5371-42C1-B29D-A44CF88BF986}
	EndGlobalSection
EndGlobal
